
Microsoft Visual Studio Solution File, Format Version 12.00
# Visual Studio Version 17
VisualStudioVersion = 17.11.35303.130
MinimumVisualStudioVersion = 10.0.40219.1
Project("{FAE04EC0-301F-11D3-BF4B-00C04F79EFBC}") = "commandos", "commandos\commandos.csproj", "{A31E9EEC-BB5D-4EE0-9401-831D90EB44A5}"
EndProject
Global
	GlobalSection(SolutionConfigurationPlatforms) = preSolution
		Debug|Any CPU = Debug|Any CPU
		Release|Any CPU = Release|Any CPU
	EndGlobalSection
	GlobalSection(ProjectConfigurationPlatforms) = postSolution
		{A31E9EEC-BB5D-4EE0-9401-831D90EB44A5}.Debug|Any CPU.ActiveCfg = Debug|Any CPU
		{A31E9EEC-BB5D-4EE0-9401-831D90EB44A5}.Debug|Any CPU.Build.0 = Debug|Any CPU
		{A31E9EEC-BB5D-4EE0-9401-831D90EB44A5}.Release|Any CPU.ActiveCfg = Release|Any CPU
		{A31E9EEC-BB5D-4EE0-9401-831D90EB44A5}.Release|Any CPU.Build.0 = Release|Any CPU
	EndGlobalSection
	GlobalSection(SolutionProperties) = preSolution
		HideSolutionNode = FALSE
	EndGlobalSection
	GlobalSection(ExtensibilityGlobals) = postSolution
		SolutionGuid = {1D64B3D5-E66F-4014-99AC-D254CA5CA066}
	EndGlobalSection
EndGlobal
